
Microsoft Visual Studio Solution File, Format Version 12.00
# Visual Studio Version 17
VisualStudioVersion = 17.1.32319.34
MinimumVisualStudioVersion = 10.0.40219.1
Project("{9A19103F-16F7-4668-BE54-9A1E7A4F7556}") = "SATBAG", "Player\SATBAG.csproj", "{4CCDAE47-69FA-491D-9A85-D02543FC8729}"
EndProject
Project("{9A19103F-16F7-4668-BE54-9A1E7A4F7556}") = "SATBAG_Studio", "Studio\SATBAG_Studio.csproj", "{A1FCC3E8-ECDA-41FF-8F7A-A49DEA1FCA22}"
EndProject
Global
	GlobalSection(SolutionConfigurationPlatforms) = preSolution
		Debug|Any CPU = Debug|Any CPU
		Release|Any CPU = Release|Any CPU
	EndGlobalSection
	GlobalSection(ProjectConfigurationPlatforms) = postSolution
		{4CCDAE47-69FA-491D-9A85-D02543FC8729}.Debug|Any CPU.ActiveCfg = Debug|Any CPU
		{4CCDAE47-69FA-491D-9A85-D02543FC8729}.Debug|Any CPU.Build.0 = Debug|Any CPU
		{4CCDAE47-69FA-491D-9A85-D02543FC8729}.Release|Any CPU.ActiveCfg = Release|Any CPU
		{4CCDAE47-69FA-491D-9A85-D02543FC8729}.Release|Any CPU.Build.0 = Release|Any CPU
		{A1FCC3E8-ECDA-41FF-8F7A-A49DEA1FCA22}.Debug|Any CPU.ActiveCfg = Debug|Any CPU
		{A1FCC3E8-ECDA-41FF-8F7A-A49DEA1FCA22}.Debug|Any CPU.Build.0 = Debug|Any CPU
		{A1FCC3E8-ECDA-41FF-8F7A-A49DEA1FCA22}.Release|Any CPU.ActiveCfg = Release|Any CPU
		{A1FCC3E8-ECDA-41FF-8F7A-A49DEA1FCA22}.Release|Any CPU.Build.0 = Release|Any CPU
	EndGlobalSection
	GlobalSection(SolutionProperties) = preSolution
		HideSolutionNode = FALSE
	EndGlobalSection
	GlobalSection(ExtensibilityGlobals) = postSolution
		SolutionGuid = {83338246-DF56-4457-BC6A-DD34650F2F6A}
	EndGlobalSection
EndGlobal
